# This file is autogenerated, do not edit; changes may be undone by the next 'dep ensure'.


[[projects]]
  branch = "master"
  digest = "1:b763e4bc4b74594e44c7f1dd991d711651633cd2839385d6155deced043d04c7"
  name = "github.com/eenblam/syslogparser"
  packages = [
    ".",
    "rfc3164",
  ]
  pruneopts = "UT"
  revision = "18572eabab4110eaf3b9607d9f786a2654965925"

[[projects]]
  digest = "1:1521b1649e8ea39627989eed85f560b45faf3681d010ef4a1f4f065b8ea7b4f3"
  name = "github.com/fsnotify/fsnotify"
  packages = ["."]
  pruneopts = "UT"
  revision = "fd9ec7deca8bf46ecd2a795baaacf2b3a9be1197"

[[projects]]
  branch = "master"
  digest = "1:b97c460c0a4f832d06eeb76fe9e7a1fdc7cace5a92f36d2c5a63331cfcad0600"
  name = "github.com/papertrail/go-tail"
  packages = ["follower"]
  pruneopts = "UT"
  revision = "973c153b04319fc4604d847b09861a5730cbbde2"

[[projects]]
  branch = "master"
  digest = "1:c5791551cb1ebd8cd399edad5bc32805661a5c0340515110dd7d5ab0b0508efc"
  name = "golang.org/x/sys"
  packages = ["unix"]
  pruneopts = "UT"
  revision = "8a28ead16f52c8aaeffbf79239b251dfdf6c4f96"

[[projects]]
  branch = "v3"
  digest = "1:7388652e2215a3f45d341d58766ed58317971030eb1cbd75f005f96ace8e9196"
  name = "gopkg.in/alexcesaro/quotedprintable.v3"
  packages = ["."]
  pruneopts = "UT"
  revision = "2caba252f4dc53eaf6b553000885530023f54623"

[[projects]]
  digest = "1:eebd52aee67d9f1e0af1859a584e14b1817581dd5f90d4585418c27b6a93c966"
  name = "gopkg.in/gomail.v2"
  packages = ["."]
  pruneopts = "UT"
  revision = "41f3572897373c5538c50a2402db15db079fa4fd"
  version = "2.0.0"

[solve-meta]
  analyzer-name = "dep"
  analyzer-version = 1
  input-imports = [
    "github.com/eenblam/syslogparser/rfc3164",
    "github.com/papertrail/go-tail/follower",
    "gopkg.in/gomail.v2",
  ]
  solver-name = "gps-cdcl"
  solver-version = 1
